
Microsoft Visual Studio Solution File, Format Version 12.00
# Visual Studio Version 17
VisualStudioVersion = 17.7.34031.279
MinimumVisualStudioVersion = 10.0.40219.1
Project("{FAE04EC0-301F-11D3-BF4B-00C04F79EFBC}") = "WindowsFormsApp1", "WindowsFormsApp1\WindowsFormsApp1.csproj", "{0DC171AA-66BC-4190-B5FA-5AA419017CB7}"
EndProject
Global
	GlobalSection(SolutionConfigurationPlatforms) = preSolution
		Debug|Any CPU = Debug|Any CPU
		Release|Any CPU = Release|Any CPU
	EndGlobalSection
	GlobalSection(ProjectConfigurationPlatforms) = postSolution
		{0DC171AA-66BC-4190-B5FA-5AA419017CB7}.Debug|Any CPU.ActiveCfg = Debug|Any CPU
		{0DC171AA-66BC-4190-B5FA-5AA419017CB7}.Debug|Any CPU.Build.0 = Debug|Any CPU
		{0DC171AA-66BC-4190-B5FA-5AA419017CB7}.Release|Any CPU.ActiveCfg = Release|Any CPU
		{0DC171AA-66BC-4190-B5FA-5AA419017CB7}.Release|Any CPU.Build.0 = Release|Any CPU
	EndGlobalSection
	GlobalSection(SolutionProperties) = preSolution
		HideSolutionNode = FALSE
	EndGlobalSection
	GlobalSection(ExtensibilityGlobals) = postSolution
		SolutionGuid = {4A326833-3BC4-4B08-A4AA-B28AC5BA8ABE}
	EndGlobalSection
EndGlobal
